{
  "name": "scopeharbor-osv-fixture",
  "version": "1.0.0",
  "lockfileVersion": 3,
  "requires": true,
  "packages": {
    "": {
      "name": "scopeharbor-osv-fixture",
      "version": "1.0.0",
      "dependencies": {
        "lodash": "4.17.20"
      },
      "scripts": {
        "postinstall": "touch script-executed"
      }
    },
    "node_modules/lodash": {
      "version": "4.17.20"
    }
  }
}
